// !$*UTF8*$!
{
	archiveVersion = 1;
	classes = {
	};
	objectVersion = 56;
	objects = {

/* Begin PBXBuildFile section */
		025B0D192BAF56A5001F06BA /* loginPage.swift in Sources */ = {isa = PBXBuildFile; fileRef = 025B0D182BAF56A5001F06BA /* loginPage.swift */; };
		025B0D1F2BAF61BA001F06BA /* homePage.swift in Sources */ = {isa = PBXBuildFile; fileRef = 025B0D1E2BAF61BA001F06BA /* homePage.swift */; };
		02A0F4732BAF7F38005B0E03 /* authVerif.swift in Sources */ = {isa = PBXBuildFile; fileRef = 02A0F4722BAF7F38005B0E03 /* authVerif.swift */; };
		02EB27282BAFA17200A3D5B0 /* houseSetup.swift in Sources */ = {isa = PBXBuildFile; fileRef = 02EB27272BAFA17200A3D5B0 /* houseSetup.swift */; };
		02EB272A2BAFA52200A3D5B0 /* houseCode.swift in Sources */ = {isa = PBXBuildFile; fileRef = 02EB27292BAFA52200A3D5B0 /* houseCode.swift */; };
		02F23BFC2BAFEE2500E6EE18 /* recipes.swift in Sources */ = {isa = PBXBuildFile; fileRef = 02F23BFB2BAFEE2500E6EE18 /* recipes.swift */; };
		6E670BF82BAF9893000E9C84 /* GoogleService-Info.plist in Resources */ = {isa = PBXBuildFile; fileRef = 6E670BF72BAF9893000E9C84 /* GoogleService-Info.plist */; };
		6E8A895D2BAF6C520034AFFA /* FirebaseFirestore in Frameworks */ = {isa = PBXBuildFile; productRef = 6E8A895C2BAF6C520034AFFA /* FirebaseFirestore */; };
		6E8C69272BAF535B0071AA25 /* myPantryApp.swift in Sources */ = {isa = PBXBuildFile; fileRef = 6E8C69262BAF535B0071AA25 /* myPantryApp.swift */; };
		6E8C69292BAF535B0071AA25 /* ContentView.swift in Sources */ = {isa = PBXBuildFile; fileRef = 6E8C69282BAF535B0071AA25 /* ContentView.swift */; };
		6E8C692B2BAF535B0071AA25 /* Assets.xcassets in Resources */ = {isa = PBXBuildFile; fileRef = 6E8C692A2BAF535B0071AA25 /* Assets.xcassets */; };
		6E8C692E2BAF535B0071AA25 /* Preview Assets.xcassets in Resources */ = {isa = PBXBuildFile; fileRef = 6E8C692D2BAF535B0071AA25 /* Preview Assets.xcassets */; };
		6E8C69392BAF559E0071AA25 /* FirebaseAnalytics in Frameworks */ = {isa = PBXBuildFile; productRef = 6E8C69382BAF559E0071AA25 /* FirebaseAnalytics */; };
		6E8C693B2BAF559E0071AA25 /* FirebaseAuth in Frameworks */ = {isa = PBXBuildFile; productRef = 6E8C693A2BAF559E0071AA25 /* FirebaseAuth */; };
		6EC5D7302BB0292300529131 /* NeumorphicButtonModifier.swift in Sources */ = {isa = PBXBuildFile; fileRef = 6EC5D72F2BB0292300529131 /* NeumorphicButtonModifier.swift */; };
		6EC5D7322BB02B5A00529131 /* NeumorphicTextFieldModifier.swift in Sources */ = {isa = PBXBuildFile; fileRef = 6EC5D7312BB02B5A00529131 /* NeumorphicTextFieldModifier.swift */; };
		6EC5D7342BB02E5600529131 /* NeumorphicTextModifier.swift in Sources */ = {isa = PBXBuildFile; fileRef = 6EC5D7332BB02E5600529131 /* NeumorphicTextModifier.swift */; };
		6ECBF3612BAFFBC800F38E2E /* OpenAIKit in Frameworks */ = {isa = PBXBuildFile; productRef = 6ECBF3602BAFFBC800F38E2E /* OpenAIKit */; };
		6ECBF3642BB0047D00F38E2E /* GoogleGenerativeAI in Frameworks */ = {isa = PBXBuildFile; productRef = 6ECBF3632BB0047D00F38E2E /* GoogleGenerativeAI */; };
		6EF3131D2BAFE718004A82D4 /* CachedImageManager.swift in Sources */ = {isa = PBXBuildFile; fileRef = 6EF3130E2BAFE718004A82D4 /* CachedImageManager.swift */; };
		6EF3131E2BAFE718004A82D4 /* Camera.swift in Sources */ = {isa = PBXBuildFile; fileRef = 6EF3130F2BAFE718004A82D4 /* Camera.swift */; };
		6EF3131F2BAFE718004A82D4 /* CameraApp.swift in Sources */ = {isa = PBXBuildFile; fileRef = 6EF313102BAFE718004A82D4 /* CameraApp.swift */; };
		6EF313202BAFE718004A82D4 /* CameraView.swift in Sources */ = {isa = PBXBuildFile; fileRef = 6EF313112BAFE718004A82D4 /* CameraView.swift */; };
		6EF313212BAFE718004A82D4 /* DataModel.swift in Sources */ = {isa = PBXBuildFile; fileRef = 6EF313122BAFE718004A82D4 /* DataModel.swift */; };
		6EF313222BAFE718004A82D4 /* PhotoAsset.swift in Sources */ = {isa = PBXBuildFile; fileRef = 6EF313132BAFE718004A82D4 /* PhotoAsset.swift */; };
		6EF313232BAFE718004A82D4 /* PhotoAssetCollection.swift in Sources */ = {isa = PBXBuildFile; fileRef = 6EF313142BAFE718004A82D4 /* PhotoAssetCollection.swift */; };
		6EF313242BAFE718004A82D4 /* PhotoCollection.swift in Sources */ = {isa = PBXBuildFile; fileRef = 6EF313152BAFE718004A82D4 /* PhotoCollection.swift */; };
		6EF313252BAFE718004A82D4 /* PhotoCollectionView.swift in Sources */ = {isa = PBXBuildFile; fileRef = 6EF313162BAFE718004A82D4 /* PhotoCollectionView.swift */; };
		6EF313262BAFE718004A82D4 /* PhotoItemView.swift in Sources */ = {isa = PBXBuildFile; fileRef = 6EF313172BAFE718004A82D4 /* PhotoItemView.swift */; };
		6EF313272BAFE718004A82D4 /* PhotoLibrary.swift in Sources */ = {isa = PBXBuildFile; fileRef = 6EF313182BAFE718004A82D4 /* PhotoLibrary.swift */; };
		6EF313282BAFE718004A82D4 /* PhotoView.swift in Sources */ = {isa = PBXBuildFile; fileRef = 6EF313192BAFE718004A82D4 /* PhotoView.swift */; };
		6EF313292BAFE718004A82D4 /* ThumbnailView.swift in Sources */ = {isa = PBXBuildFile; fileRef = 6EF3131A2BAFE718004A82D4 /* ThumbnailView.swift */; };
		6EF3132A2BAFE718004A82D4 /* ViewfinderView.swift in Sources */ = {isa = PBXBuildFile; fileRef = 6EF3131B2BAFE718004A82D4 /* ViewfinderView.swift */; };
		6EF5AD1C2BAFF35D00DFFF46 /* OpenAISwift in Frameworks */ = {isa = PBXBuildFile; productRef = 6EF5AD1B2BAFF35D00DFFF46 /* OpenAISwift */; };
/* End PBXBuildFile section */

/* Begin PBXFileReference section */
		025B0D182BAF56A5001F06BA /* loginPage.swift */ = {isa = PBXFileReference; lastKnownFileType = sourcecode.swift; path = loginPage.swift; sourceTree = "<group>"; };
		025B0D1E2BAF61BA001F06BA /* homePage.swift */ = {isa = PBXFileReference; lastKnownFileType = sourcecode.swift; path = homePage.swift; sourceTree = "<group>"; };
		02A0F4722BAF7F38005B0E03 /* authVerif.swift */ = {isa = PBXFileReference; lastKnownFileType = sourcecode.swift; path = authVerif.swift; sourceTree = "<group>"; };
		02EB27272BAFA17200A3D5B0 /* houseSetup.swift */ = {isa = PBXFileReference; lastKnownFileType = sourcecode.swift; path = houseSetup.swift; sourceTree = "<group>"; };
		02EB27292BAFA52200A3D5B0 /* houseCode.swift */ = {isa = PBXFileReference; lastKnownFileType = sourcecode.swift; path = houseCode.swift; sourceTree = "<group>"; };
		02F23BFB2BAFEE2500E6EE18 /* recipes.swift */ = {isa = PBXFileReference; lastKnownFileType = sourcecode.swift; path = recipes.swift; sourceTree = "<group>"; };
		6E670BF62BAF9146000E9C84 /* Info.plist */ = {isa = PBXFileReference; lastKnownFileType = text.plist; path = Info.plist; sourceTree = "<group>"; };
		6E670BF72BAF9893000E9C84 /* GoogleService-Info.plist */ = {isa = PBXFileReference; fileEncoding = 4; lastKnownFileType = text.plist.xml; path = "GoogleService-Info.plist"; sourceTree = "<group>"; };
		6E8A895E2BAF71F70034AFFA /* myPantry.entitlements */ = {isa = PBXFileReference; lastKnownFileType = text.plist.entitlements; path = myPantry.entitlements; sourceTree = "<group>"; };
		6E8C69232BAF535B0071AA25 /* myPantry.app */ = {isa = PBXFileReference; explicitFileType = wrapper.application; includeInIndex = 0; path = myPantry.app; sourceTree = BUILT_PRODUCTS_DIR; };
		6E8C69262BAF535B0071AA25 /* myPantryApp.swift */ = {isa = PBXFileReference; lastKnownFileType = sourcecode.swift; path = myPantryApp.swift; sourceTree = "<group>"; };
		6E8C69282BAF535B0071AA25 /* ContentView.swift */ = {isa = PBXFileReference; lastKnownFileType = sourcecode.swift; path = ContentView.swift; sourceTree = "<group>"; };
		6E8C692A2BAF535B0071AA25 /* Assets.xcassets */ = {isa = PBXFileReference; lastKnownFileType = folder.assetcatalog; path = Assets.xcassets; sourceTree = "<group>"; };
		6E8C692D2BAF535B0071AA25 /* Preview Assets.xcassets */ = {isa = PBXFileReference; lastKnownFileType = folder.assetcatalog; path = "Preview Assets.xcassets"; sourceTree = "<group>"; };
		6EC5D72F2BB0292300529131 /* NeumorphicButtonModifier.swift */ = {isa = PBXFileReference; lastKnownFileType = sourcecode.swift; path = NeumorphicButtonModifier.swift; sourceTree = "<group>"; };
		6EC5D7312BB02B5A00529131 /* NeumorphicTextFieldModifier.swift */ = {isa = PBXFileReference; lastKnownFileType = sourcecode.swift; path = NeumorphicTextFieldModifier.swift; sourceTree = "<group>"; };
		6EC5D7332BB02E5600529131 /* NeumorphicTextModifier.swift */ = {isa = PBXFileReference; lastKnownFileType = sourcecode.swift; path = NeumorphicTextModifier.swift; sourceTree = "<group>"; };
		6EF3130E2BAFE718004A82D4 /* CachedImageManager.swift */ = {isa = PBXFileReference; fileEncoding = 4; lastKnownFileType = sourcecode.swift; path = CachedImageManager.swift; sourceTree = "<group>"; };
		6EF3130F2BAFE718004A82D4 /* Camera.swift */ = {isa = PBXFileReference; fileEncoding = 4; lastKnownFileType = sourcecode.swift; path = Camera.swift; sourceTree = "<group>"; };
		6EF313102BAFE718004A82D4 /* CameraApp.swift */ = {isa = PBXFileReference; fileEncoding = 4; lastKnownFileType = sourcecode.swift; path = CameraApp.swift; sourceTree = "<group>"; };
		6EF313112BAFE718004A82D4 /* CameraView.swift */ = {isa = PBXFileReference; fileEncoding = 4; lastKnownFileType = sourcecode.swift; path = CameraView.swift; sourceTree = "<group>"; };
		6EF313122BAFE718004A82D4 /* DataModel.swift */ = {isa = PBXFileReference; fileEncoding = 4; lastKnownFileType = sourcecode.swift; path = DataModel.swift; sourceTree = "<group>"; };
		6EF313132BAFE718004A82D4 /* PhotoAsset.swift */ = {isa = PBXFileReference; fileEncoding = 4; lastKnownFileType = sourcecode.swift; path = PhotoAsset.swift; sourceTree = "<group>"; };
		6EF313142BAFE718004A82D4 /* PhotoAssetCollection.swift */ = {isa = PBXFileReference; fileEncoding = 4; lastKnownFileType = sourcecode.swift; path = PhotoAssetCollection.swift; sourceTree = "<group>"; };
		6EF313152BAFE718004A82D4 /* PhotoCollection.swift */ = {isa = PBXFileReference; fileEncoding = 4; lastKnownFileType = sourcecode.swift; path = PhotoCollection.swift; sourceTree = "<group>"; };
		6EF313162BAFE718004A82D4 /* PhotoCollectionView.swift */ = {isa = PBXFileReference; fileEncoding = 4; lastKnownFileType = sourcecode.swift; path = PhotoCollectionView.swift; sourceTree = "<group>"; };
		6EF313172BAFE718004A82D4 /* PhotoItemView.swift */ = {isa = PBXFileReference; fileEncoding = 4; lastKnownFileType = sourcecode.swift; path = PhotoItemView.swift; sourceTree = "<group>"; };
		6EF313182BAFE718004A82D4 /* PhotoLibrary.swift */ = {isa = PBXFileReference; fileEncoding = 4; lastKnownFileType = sourcecode.swift; path = PhotoLibrary.swift; sourceTree = "<group>"; };
		6EF313192BAFE718004A82D4 /* PhotoView.swift */ = {isa = PBXFileReference; fileEncoding = 4; lastKnownFileType = sourcecode.swift; path = PhotoView.swift; sourceTree = "<group>"; };
		6EF3131A2BAFE718004A82D4 /* ThumbnailView.swift */ = {isa = PBXFileReference; fileEncoding = 4; lastKnownFileType = sourcecode.swift; path = ThumbnailView.swift; sourceTree = "<group>"; };
		6EF3131B2BAFE718004A82D4 /* ViewfinderView.swift */ = {isa = PBXFileReference; fileEncoding = 4; lastKnownFileType = sourcecode.swift; path = ViewfinderView.swift; sourceTree = "<group>"; };
/* End PBXFileReference section */

/* Begin PBXFrameworksBuildPhase section */
		6E8C69202BAF535B0071AA25 /* Frameworks */ = {
			isa = PBXFrameworksBuildPhase;
			buildActionMask = 2147483647;
			files = (
				6EF5AD1C2BAFF35D00DFFF46 /* OpenAISwift in Frameworks */,
				6E8C69392BAF559E0071AA25 /* FirebaseAnalytics in Frameworks */,
				6ECBF3612BAFFBC800F38E2E /* OpenAIKit in Frameworks */,
				6ECBF3642BB0047D00F38E2E /* GoogleGenerativeAI in Frameworks */,
				6E8C693B2BAF559E0071AA25 /* FirebaseAuth in Frameworks */,
				6E8A895D2BAF6C520034AFFA /* FirebaseFirestore in Frameworks */,
			);
			runOnlyForDeploymentPostprocessing = 0;
		};
/* End PBXFrameworksBuildPhase section */

/* Begin PBXGroup section */
		6E8C691A2BAF535B0071AA25 = {
			isa = PBXGroup;
			children = (
				6E8C69252BAF535B0071AA25 /* myPantry */,
				6E8C69242BAF535B0071AA25 /* Products */,
			);
			sourceTree = "<group>";
		};
		6E8C69242BAF535B0071AA25 /* Products */ = {
			isa = PBXGroup;
			children = (
				6E8C69232BAF535B0071AA25 /* myPantry.app */,
			);
			name = Products;
			sourceTree = "<group>";
		};
		6E8C69252BAF535B0071AA25 /* myPantry */ = {
			isa = PBXGroup;
			children = (
				6EF3131C2BAFE718004A82D4 /* Camera */,
				6E670BF72BAF9893000E9C84 /* GoogleService-Info.plist */,
				6E670BF62BAF9146000E9C84 /* Info.plist */,
				6E8A895E2BAF71F70034AFFA /* myPantry.entitlements */,
				6E8C69262BAF535B0071AA25 /* myPantryApp.swift */,
				6E8C69282BAF535B0071AA25 /* ContentView.swift */,
				025B0D1E2BAF61BA001F06BA /* homePage.swift */,
				02F23BFB2BAFEE2500E6EE18 /* recipes.swift */,
				02EB27272BAFA17200A3D5B0 /* houseSetup.swift */,
				025B0D182BAF56A5001F06BA /* loginPage.swift */,
				02EB27292BAFA52200A3D5B0 /* houseCode.swift */,
				02A0F4722BAF7F38005B0E03 /* authVerif.swift */,
				6E8C692A2BAF535B0071AA25 /* Assets.xcassets */,
				6E8C692C2BAF535B0071AA25 /* Preview Content */,
				6EC5D72F2BB0292300529131 /* NeumorphicButtonModifier.swift */,
				6EC5D7312BB02B5A00529131 /* NeumorphicTextFieldModifier.swift */,
				6EC5D7332BB02E5600529131 /* NeumorphicTextModifier.swift */,
			);
			path = myPantry;
			sourceTree = "<group>";
		};
		6E8C692C2BAF535B0071AA25 /* Preview Content */ = {
			isa = PBXGroup;
			children = (
				6E8C692D2BAF535B0071AA25 /* Preview Assets.xcassets */,
			);
			path = "Preview Content";
			sourceTree = "<group>";
		};
		6EF3131C2BAFE718004A82D4 /* Camera */ = {
			isa = PBXGroup;
			children = (
				6EF3130E2BAFE718004A82D4 /* CachedImageManager.swift */,
				6EF3130F2BAFE718004A82D4 /* Camera.swift */,
				6EF313102BAFE718004A82D4 /* CameraApp.swift */,
				6EF313112BAFE718004A82D4 /* CameraView.swift */,
				6EF313122BAFE718004A82D4 /* DataModel.swift */,
				6EF313132BAFE718004A82D4 /* PhotoAsset.swift */,
				6EF313142BAFE718004A82D4 /* PhotoAssetCollection.swift */,
				6EF313152BAFE718004A82D4 /* PhotoCollection.swift */,
				6EF313162BAFE718004A82D4 /* PhotoCollectionView.swift */,
				6EF313172BAFE718004A82D4 /* PhotoItemView.swift */,
				6EF313182BAFE718004A82D4 /* PhotoLibrary.swift */,
				6EF313192BAFE718004A82D4 /* PhotoView.swift */,
				6EF3131A2BAFE718004A82D4 /* ThumbnailView.swift */,
				6EF3131B2BAFE718004A82D4 /* ViewfinderView.swift */,
			);
			path = Camera;
			sourceTree = "<group>";
		};
/* End PBXGroup section */

/* Begin PBXNativeTarget section */
		6E8C69222BAF535B0071AA25 /* myPantry */ = {
			isa = PBXNativeTarget;
			buildConfigurationList = 6E8C69312BAF535B0071AA25 /* Build configuration list for PBXNativeTarget "myPantry" */;
			buildPhases = (
				6E8C691F2BAF535B0071AA25 /* Sources */,
				6E8C69202BAF535B0071AA25 /* Frameworks */,
				6E8C69212BAF535B0071AA25 /* Resources */,
			);
			buildRules = (
			);
			dependencies = (
			);
			name = myPantry;
			packageProductDependencies = (
				6E8C69382BAF559E0071AA25 /* FirebaseAnalytics */,
				6E8C693A2BAF559E0071AA25 /* FirebaseAuth */,
				6E8A895C2BAF6C520034AFFA /* FirebaseFirestore */,
				6EF5AD1B2BAFF35D00DFFF46 /* OpenAISwift */,
				6ECBF3602BAFFBC800F38E2E /* OpenAIKit */,
				6ECBF3632BB0047D00F38E2E /* GoogleGenerativeAI */,
			);
			productName = myPantry;
			productReference = 6E8C69232BAF535B0071AA25 /* myPantry.app */;
			productType = "com.apple.product-type.application";
		};
/* End PBXNativeTarget section */

/* Begin PBXProject section */
		6E8C691B2BAF535B0071AA25 /* Project object */ = {
			isa = PBXProject;
			attributes = {
				BuildIndependentTargetsInParallel = 1;
				LastSwiftUpdateCheck = 1530;
				LastUpgradeCheck = 1530;
				TargetAttributes = {
					6E8C69222BAF535B0071AA25 = {
						CreatedOnToolsVersion = 15.3;
					};
				};
			};
			buildConfigurationList = 6E8C691E2BAF535B0071AA25 /* Build configuration list for PBXProject "myPantry" */;
			compatibilityVersion = "Xcode 14.0";
			developmentRegion = en;
			hasScannedForEncodings = 0;
			knownRegions = (
				en,
				Base,
			);
			mainGroup = 6E8C691A2BAF535B0071AA25;
			packageReferences = (
				6E8C69372BAF559E0071AA25 /* XCRemoteSwiftPackageReference "firebase-ios-sdk" */,
				6EF5AD1A2BAFF35D00DFFF46 /* XCRemoteSwiftPackageReference "OpenAISwift" */,
				6ECBF35F2BAFFBC700F38E2E /* XCRemoteSwiftPackageReference "openai-kit" */,
				6ECBF3622BB0047D00F38E2E /* XCRemoteSwiftPackageReference "generative-ai-swift" */,
			);
			productRefGroup = 6E8C69242BAF535B0071AA25 /* Products */;
			projectDirPath = "";
			projectRoot = "";
			targets = (
				6E8C69222BAF535B0071AA25 /* myPantry */,
			);
		};
/* End PBXProject section */

/* Begin PBXResourcesBuildPhase section */
		6E8C69212BAF535B0071AA25 /* Resources */ = {
			isa = PBXResourcesBuildPhase;
			buildActionMask = 2147483647;
			files = (
				6E8C692E2BAF535B0071AA25 /* Preview Assets.xcassets in Resources */,
				6E8C692B2BAF535B0071AA25 /* Assets.xcassets in Resources */,
				6E670BF82BAF9893000E9C84 /* GoogleService-Info.plist in Resources */,
			);
			runOnlyForDeploymentPostprocessing = 0;
		};
/* End PBXResourcesBuildPhase section */

/* Begin PBXSourcesBuildPhase section */
		6E8C691F2BAF535B0071AA25 /* Sources */ = {
			isa = PBXSourcesBuildPhase;
			buildActionMask = 2147483647;
			files = (
				6EF3131F2BAFE718004A82D4 /* CameraApp.swift in Sources */,
				6EF313242BAFE718004A82D4 /* PhotoCollection.swift in Sources */,
				6E8C69292BAF535B0071AA25 /* ContentView.swift in Sources */,
				02F23BFC2BAFEE2500E6EE18 /* recipes.swift in Sources */,
				6EF3131D2BAFE718004A82D4 /* CachedImageManager.swift in Sources */,
				6EF313272BAFE718004A82D4 /* PhotoLibrary.swift in Sources */,
				6E8C69272BAF535B0071AA25 /* myPantryApp.swift in Sources */,
				6EF313252BAFE718004A82D4 /* PhotoCollectionView.swift in Sources */,
				6EF313282BAFE718004A82D4 /* PhotoView.swift in Sources */,
				02EB272A2BAFA52200A3D5B0 /* houseCode.swift in Sources */,
				6EF313212BAFE718004A82D4 /* DataModel.swift in Sources */,
				02EB27282BAFA17200A3D5B0 /* houseSetup.swift in Sources */,
				6EC5D7302BB0292300529131 /* NeumorphicButtonModifier.swift in Sources */,
				6EC5D7342BB02E5600529131 /* NeumorphicTextModifier.swift in Sources */,
				6EF313222BAFE718004A82D4 /* PhotoAsset.swift in Sources */,
				02A0F4732BAF7F38005B0E03 /* authVerif.swift in Sources */,
				6EF3132A2BAFE718004A82D4 /* ViewfinderView.swift in Sources */,
				6EF313262BAFE718004A82D4 /* PhotoItemView.swift in Sources */,
				6EF313202BAFE718004A82D4 /* CameraView.swift in Sources */,
				6EC5D7322BB02B5A00529131 /* NeumorphicTextFieldModifier.swift in Sources */,
				025B0D192BAF56A5001F06BA /* loginPage.swift in Sources */,
				6EF313232BAFE718004A82D4 /* PhotoAssetCollection.swift in Sources */,
				6EF313292BAFE718004A82D4 /* ThumbnailView.swift in Sources */,
				025B0D1F2BAF61BA001F06BA /* homePage.swift in Sources */,
				6EF3131E2BAFE718004A82D4 /* Camera.swift in Sources */,
			);
			runOnlyForDeploymentPostprocessing = 0;
		};
/* End PBXSourcesBuildPhase section */

/* Begin XCBuildConfiguration section */
		6E8C692F2BAF535B0071AA25 /* Debug */ = {
			isa = XCBuildConfiguration;
			buildSettings = {
				ALWAYS_SEARCH_USER_PATHS = NO;
				ASSETCATALOG_COMPILER_GENERATE_SWIFT_ASSET_SYMBOL_EXTENSIONS = YES;
				CLANG_ANALYZER_NONNULL = YES;
				CLANG_ANALYZER_NUMBER_OBJECT_CONVERSION = YES_AGGRESSIVE;
				CLANG_CXX_LANGUAGE_STANDARD = "gnu++20";
				CLANG_ENABLE_MODULES = YES;
				CLANG_ENABLE_OBJC_ARC = YES;
				CLANG_ENABLE_OBJC_WEAK = YES;
				CLANG_WARN_BLOCK_CAPTURE_AUTORELEASING = YES;
				CLANG_WARN_BOOL_CONVERSION = YES;
				CLANG_WARN_COMMA = YES;
				CLANG_WARN_CONSTANT_CONVERSION = YES;
				CLANG_WARN_DEPRECATED_OBJC_IMPLEMENTATIONS = YES;
				CLANG_WARN_DIRECT_OBJC_ISA_USAGE = YES_ERROR;
				CLANG_WARN_DOCUMENTATION_COMMENTS = YES;
				CLANG_WARN_EMPTY_BODY = YES;
				CLANG_WARN_ENUM_CONVERSION = YES;
				CLANG_WARN_INFINITE_RECURSION = YES;
				CLANG_WARN_INT_CONVERSION = YES;
				CLANG_WARN_NON_LITERAL_NULL_CONVERSION = YES;
				CLANG_WARN_OBJC_IMPLICIT_RETAIN_SELF = YES;
				CLANG_WARN_OBJC_LITERAL_CONVERSION = YES;
				CLANG_WARN_OBJC_ROOT_CLASS = YES_ERROR;
				CLANG_WARN_QUOTED_INCLUDE_IN_FRAMEWORK_HEADER = YES;
				CLANG_WARN_RANGE_LOOP_ANALYSIS = YES;
				CLANG_WARN_STRICT_PROTOTYPES = YES;
				CLANG_WARN_SUSPICIOUS_MOVE = YES;
				CLANG_WARN_UNGUARDED_AVAILABILITY = YES_AGGRESSIVE;
				CLANG_WARN_UNREACHABLE_CODE = YES;
				CLANG_WARN__DUPLICATE_METHOD_MATCH = YES;
				COPY_PHASE_STRIP = NO;
				DEBUG_INFORMATION_FORMAT = dwarf;
				ENABLE_STRICT_OBJC_MSGSEND = YES;
				ENABLE_TESTABILITY = YES;
				ENABLE_USER_SCRIPT_SANDBOXING = YES;
				GCC_C_LANGUAGE_STANDARD = gnu17;
				GCC_DYNAMIC_NO_PIC = NO;
				GCC_NO_COMMON_BLOCKS = YES;
				GCC_OPTIMIZATION_LEVEL = 0;
				GCC_PREPROCESSOR_DEFINITIONS = (
					"DEBUG=1",
					"$(inherited)",
				);
				GCC_WARN_64_TO_32_BIT_CONVERSION = YES;
				GCC_WARN_ABOUT_RETURN_TYPE = YES_ERROR;
				GCC_WARN_UNDECLARED_SELECTOR = YES;
				GCC_WARN_UNINITIALIZED_AUTOS = YES_AGGRESSIVE;
				GCC_WARN_UNUSED_FUNCTION = YES;
				GCC_WARN_UNUSED_VARIABLE = YES;
				IPHONEOS_DEPLOYMENT_TARGET = 17.4;
				LOCALIZATION_PREFERS_STRING_CATALOGS = YES;
				MTL_ENABLE_DEBUG_INFO = INCLUDE_SOURCE;
				MTL_FAST_MATH = YES;
				ONLY_ACTIVE_ARCH = YES;
				SDKROOT = iphoneos;
				SWIFT_ACTIVE_COMPILATION_CONDITIONS = "DEBUG $(inherited)";
				SWIFT_OPTIMIZATION_LEVEL = "-Onone";
			};
			name = Debug;
		};
		6E8C69302BAF535B0071AA25 /* Release */ = {
			isa = XCBuildConfiguration;
			buildSettings = {
				ALWAYS_SEARCH_USER_PATHS = NO;
				ASSETCATALOG_COMPILER_GENERATE_SWIFT_ASSET_SYMBOL_EXTENSIONS = YES;
				CLANG_ANALYZER_NONNULL = YES;
				CLANG_ANALYZER_NUMBER_OBJECT_CONVERSION = YES_AGGRESSIVE;
				CLANG_CXX_LANGUAGE_STANDARD = "gnu++20";
				CLANG_ENABLE_MODULES = YES;
				CLANG_ENABLE_OBJC_ARC = YES;
				CLANG_ENABLE_OBJC_WEAK = YES;
				CLANG_WARN_BLOCK_CAPTURE_AUTORELEASING = YES;
				CLANG_WARN_BOOL_CONVERSION = YES;
				CLANG_WARN_COMMA = YES;
				CLANG_WARN_CONSTANT_CONVERSION = YES;
				CLANG_WARN_DEPRECATED_OBJC_IMPLEMENTATIONS = YES;
				CLANG_WARN_DIRECT_OBJC_ISA_USAGE = YES_ERROR;
				CLANG_WARN_DOCUMENTATION_COMMENTS = YES;
				CLANG_WARN_EMPTY_BODY = YES;
				CLANG_WARN_ENUM_CONVERSION = YES;
				CLANG_WARN_INFINITE_RECURSION = YES;
				CLANG_WARN_INT_CONVERSION = YES;
				CLANG_WARN_NON_LITERAL_NULL_CONVERSION = YES;
				CLANG_WARN_OBJC_IMPLICIT_RETAIN_SELF = YES;
				CLANG_WARN_OBJC_LITERAL_CONVERSION = YES;
				CLANG_WARN_OBJC_ROOT_CLASS = YES_ERROR;
				CLANG_WARN_QUOTED_INCLUDE_IN_FRAMEWORK_HEADER = YES;
				CLANG_WARN_RANGE_LOOP_ANALYSIS = YES;
				CLANG_WARN_STRICT_PROTOTYPES = YES;
				CLANG_WARN_SUSPICIOUS_MOVE = YES;
				CLANG_WARN_UNGUARDED_AVAILABILITY = YES_AGGRESSIVE;
				CLANG_WARN_UNREACHABLE_CODE = YES;
				CLANG_WARN__DUPLICATE_METHOD_MATCH = YES;
				COPY_PHASE_STRIP = NO;
				DEBUG_INFORMATION_FORMAT = "dwarf-with-dsym";
				ENABLE_NS_ASSERTIONS = NO;
				ENABLE_STRICT_OBJC_MSGSEND = YES;
				ENABLE_USER_SCRIPT_SANDBOXING = YES;
				GCC_C_LANGUAGE_STANDARD = gnu17;
				GCC_NO_COMMON_BLOCKS = YES;
				GCC_WARN_64_TO_32_BIT_CONVERSION = YES;
				GCC_WARN_ABOUT_RETURN_TYPE = YES_ERROR;
				GCC_WARN_UNDECLARED_SELECTOR = YES;
				GCC_WARN_UNINITIALIZED_AUTOS = YES_AGGRESSIVE;
				GCC_WARN_UNUSED_FUNCTION = YES;
				GCC_WARN_UNUSED_VARIABLE = YES;
				IPHONEOS_DEPLOYMENT_TARGET = 17.4;
				LOCALIZATION_PREFERS_STRING_CATALOGS = YES;
				MTL_ENABLE_DEBUG_INFO = NO;
				MTL_FAST_MATH = YES;
				SDKROOT = iphoneos;
				SWIFT_COMPILATION_MODE = wholemodule;
				VALIDATE_PRODUCT = YES;
			};
			name = Release;
		};
		6E8C69322BAF535B0071AA25 /* Debug */ = {
			isa = XCBuildConfiguration;
			buildSettings = {
				ASSETCATALOG_COMPILER_APPICON_NAME = AppIcon;
				ASSETCATALOG_COMPILER_GLOBAL_ACCENT_COLOR_NAME = AccentColor;
				CODE_SIGN_ENTITLEMENTS = myPantry/myPantry.entitlements;
				CODE_SIGN_IDENTITY = "Apple Development";
				CODE_SIGN_STYLE = Automatic;
				CURRENT_PROJECT_VERSION = 1;
				DEVELOPMENT_ASSET_PATHS = "\"myPantry/Preview Content\"";
				DEVELOPMENT_TEAM = 5ML5BZ26LS;
				ENABLE_PREVIEWS = YES;
				GENERATE_INFOPLIST_FILE = YES;
				INFOPLIST_FILE = myPantry/Info.plist;
				INFOPLIST_KEY_NSCameraUsageDescription = "We need access to your camera to take photos.";
				INFOPLIST_KEY_NSPhotoLibraryAddUsageDescription = "We need access to save photos to your photo library.";
				INFOPLIST_KEY_UIApplicationSceneManifest_Generation = YES;
				INFOPLIST_KEY_UIApplicationSupportsIndirectInputEvents = YES;
				INFOPLIST_KEY_UILaunchScreen_Generation = YES;
				INFOPLIST_KEY_UISupportedInterfaceOrientations_iPad = "UIInterfaceOrientationPortrait UIInterfaceOrientationPortraitUpsideDown UIInterfaceOrientationLandscapeLeft UIInterfaceOrientationLandscapeRight";
				INFOPLIST_KEY_UISupportedInterfaceOrientations_iPhone = "UIInterfaceOrientationPortrait UIInterfaceOrientationLandscapeLeft UIInterfaceOrientationLandscapeRight";
				LD_RUNPATH_SEARCH_PATHS = (
					"$(inherited)",
					"@executable_path/Frameworks",
				);
				MARKETING_VERSION = 1.0;
				OTHER_LDFLAGS = "-ObjC";
				PRODUCT_BUNDLE_IDENTIFIER = paris.myPantry;
				PRODUCT_NAME = "$(TARGET_NAME)";
				PROVISIONING_PROFILE_SPECIFIER = "";
				SWIFT_EMIT_LOC_STRINGS = YES;
				SWIFT_VERSION = 5.0;
				TARGETED_DEVICE_FAMILY = "1,2";
			};
			name = Debug;
		};
		6E8C69332BAF535B0071AA25 /* Release */ = {
			isa = XCBuildConfiguration;
			buildSettings = {
				ASSETCATALOG_COMPILER_APPICON_NAME = AppIcon;
				ASSETCATALOG_COMPILER_GLOBAL_ACCENT_COLOR_NAME = AccentColor;
				CODE_SIGN_ENTITLEMENTS = myPantry/myPantry.entitlements;
				CODE_SIGN_IDENTITY = "Apple Development";
				CODE_SIGN_STYLE = Automatic;
				CURRENT_PROJECT_VERSION = 1;
				DEVELOPMENT_ASSET_PATHS = "\"myPantry/Preview Content\"";
				DEVELOPMENT_TEAM = 5ML5BZ26LS;
				ENABLE_PREVIEWS = YES;
				GENERATE_INFOPLIST_FILE = YES;
				INFOPLIST_FILE = myPantry/Info.plist;
				INFOPLIST_KEY_NSCameraUsageDescription = "We need access to your camera to take photos.";
				INFOPLIST_KEY_NSPhotoLibraryAddUsageDescription = "We need access to save photos to your photo library.";
				INFOPLIST_KEY_UIApplicationSceneManifest_Generation = YES;
				INFOPLIST_KEY_UIApplicationSupportsIndirectInputEvents = YES;
				INFOPLIST_KEY_UILaunchScreen_Generation = YES;
				INFOPLIST_KEY_UISupportedInterfaceOrientations_iPad = "UIInterfaceOrientationPortrait UIInterfaceOrientationPortraitUpsideDown UIInterfaceOrientationLandscapeLeft UIInterfaceOrientationLandscapeRight";
				INFOPLIST_KEY_UISupportedInterfaceOrientations_iPhone = "UIInterfaceOrientationPortrait UIInterfaceOrientationLandscapeLeft UIInterfaceOrientationLandscapeRight";
				LD_RUNPATH_SEARCH_PATHS = (
					"$(inherited)",
					"@executable_path/Frameworks",
				);
				MARKETING_VERSION = 1.0;
				OTHER_LDFLAGS = "-ObjC";
				PRODUCT_BUNDLE_IDENTIFIER = paris.myPantry;
				PRODUCT_NAME = "$(TARGET_NAME)";
				PROVISIONING_PROFILE_SPECIFIER = "";
				SWIFT_EMIT_LOC_STRINGS = YES;
				SWIFT_VERSION = 5.0;
				TARGETED_DEVICE_FAMILY = "1,2";
			};
			name = Release;
		};
/* End XCBuildConfiguration section */

/* Begin XCConfigurationList section */
		6E8C691E2BAF535B0071AA25 /* Build configuration list for PBXProject "myPantry" */ = {
			isa = XCConfigurationList;
			buildConfigurations = (
				6E8C692F2BAF535B0071AA25 /* Debug */,
				6E8C69302BAF535B0071AA25 /* Release */,
			);
			defaultConfigurationIsVisible = 0;
			defaultConfigurationName = Release;
		};
		6E8C69312BAF535B0071AA25 /* Build configuration list for PBXNativeTarget "myPantry" */ = {
			isa = XCConfigurationList;
			buildConfigurations = (
				6E8C69322BAF535B0071AA25 /* Debug */,
				6E8C69332BAF535B0071AA25 /* Release */,
			);
			defaultConfigurationIsVisible = 0;
			defaultConfigurationName = Release;
		};
/* End XCConfigurationList section */

/* Begin XCRemoteSwiftPackageReference section */
		6E8C69372BAF559E0071AA25 /* XCRemoteSwiftPackageReference "firebase-ios-sdk" */ = {
			isa = XCRemoteSwiftPackageReference;
			repositoryURL = "https://github.com/firebase/firebase-ios-sdk";
			requirement = {
				kind = upToNextMajorVersion;
				minimumVersion = 10.23.0;
			};
		};
		6ECBF35F2BAFFBC700F38E2E /* XCRemoteSwiftPackageReference "openai-kit" */ = {
			isa = XCRemoteSwiftPackageReference;
			repositoryURL = "https://github.com/dylanshine/openai-kit.git";
			requirement = {
				kind = upToNextMajorVersion;
				minimumVersion = 1.8.2;
			};
		};
		6ECBF3622BB0047D00F38E2E /* XCRemoteSwiftPackageReference "generative-ai-swift" */ = {
			isa = XCRemoteSwiftPackageReference;
			repositoryURL = "https://github.com/google/generative-ai-swift";
			requirement = {
				kind = upToNextMajorVersion;
				minimumVersion = 0.4.8;
			};
		};
		6EF5AD1A2BAFF35D00DFFF46 /* XCRemoteSwiftPackageReference "OpenAISwift" */ = {
			isa = XCRemoteSwiftPackageReference;
			repositoryURL = "https://github.com/adamrushy/OpenAISwift.git";
			requirement = {
				kind = upToNextMajorVersion;
				minimumVersion = 1.4.1;
			};
		};
/* End XCRemoteSwiftPackageReference section */

/* Begin XCSwiftPackageProductDependency section */
		6E8A895C2BAF6C520034AFFA /* FirebaseFirestore */ = {
			isa = XCSwiftPackageProductDependency;
			package = 6E8C69372BAF559E0071AA25 /* XCRemoteSwiftPackageReference "firebase-ios-sdk" */;
			productName = FirebaseFirestore;
		};
		6E8C69382BAF559E0071AA25 /* FirebaseAnalytics */ = {
			isa = XCSwiftPackageProductDependency;
			package = 6E8C69372BAF559E0071AA25 /* XCRemoteSwiftPackageReference "firebase-ios-sdk" */;
			productName = FirebaseAnalytics;
		};
		6E8C693A2BAF559E0071AA25 /* FirebaseAuth */ = {
			isa = XCSwiftPackageProductDependency;
			package = 6E8C69372BAF559E0071AA25 /* XCRemoteSwiftPackageReference "firebase-ios-sdk" */;
			productName = FirebaseAuth;
		};
		6ECBF3602BAFFBC800F38E2E /* OpenAIKit */ = {
			isa = XCSwiftPackageProductDependency;
			package = 6ECBF35F2BAFFBC700F38E2E /* XCRemoteSwiftPackageReference "openai-kit" */;
			productName = OpenAIKit;
		};
		6ECBF3632BB0047D00F38E2E /* GoogleGenerativeAI */ = {
			isa = XCSwiftPackageProductDependency;
			package = 6ECBF3622BB0047D00F38E2E /* XCRemoteSwiftPackageReference "generative-ai-swift" */;
			productName = GoogleGenerativeAI;
		};
		6EF5AD1B2BAFF35D00DFFF46 /* OpenAISwift */ = {
			isa = XCSwiftPackageProductDependency;
			package = 6EF5AD1A2BAFF35D00DFFF46 /* XCRemoteSwiftPackageReference "OpenAISwift" */;
			productName = OpenAISwift;
		};
/* End XCSwiftPackageProductDependency section */
	};
	rootObject = 6E8C691B2BAF535B0071AA25 /* Project object */;
}
