// !$*UTF8*$!
{
	archiveVersion = 1;
	classes = {
	};
	objectVersion = 56;
	objects = {

/* Begin PBXBuildFile section */
		025B0D192BAF56A5001F06BA /* loginPage.swift in Sources */ = {isa = PBXBuildFile; fileRef = 025B0D182BAF56A5001F06BA /* loginPage.swift */; };
		025B0D1F2BAF61BA001F06BA /* homePage.swift in Sources */ = {isa = PBXBuildFile; fileRef = 025B0D1E2BAF61BA001F06BA /* homePage.swift */; };
		6E8A895D2BAF6C520034AFFA /* FirebaseFirestore in Frameworks */ = {isa = PBXBuildFile; productRef = 6E8A895C2BAF6C520034AFFA /* FirebaseFirestore */; };
		6E8C69272BAF535B0071AA25 /* myPantryApp.swift in Sources */ = {isa = PBXBuildFile; fileRef = 6E8C69262BAF535B0071AA25 /* myPantryApp.swift */; };
		6E8C69292BAF535B0071AA25 /* ContentView.swift in Sources */ = {isa = PBXBuildFile; fileRef = 6E8C69282BAF535B0071AA25 /* ContentView.swift */; };
		6E8C692B2BAF535B0071AA25 /* Assets.xcassets in Resources */ = {isa = PBXBuildFile; fileRef = 6E8C692A2BAF535B0071AA25 /* Assets.xcassets */; };
		6E8C692E2BAF535B0071AA25 /* Preview Assets.xcassets in Resources */ = {isa = PBXBuildFile; fileRef = 6E8C692D2BAF535B0071AA25 /* Preview Assets.xcassets */; };
		6E8C69392BAF559E0071AA25 /* FirebaseAnalytics in Frameworks */ = {isa = PBXBuildFile; productRef = 6E8C69382BAF559E0071AA25 /* FirebaseAnalytics */; };
		6E8C693B2BAF559E0071AA25 /* FirebaseAuth in Frameworks */ = {isa = PBXBuildFile; productRef = 6E8C693A2BAF559E0071AA25 /* FirebaseAuth */; };
/* End PBXBuildFile section */

/* Begin PBXFileReference section */
		025B0D182BAF56A5001F06BA /* loginPage.swift */ = {isa = PBXFileReference; lastKnownFileType = sourcecode.swift; path = loginPage.swift; sourceTree = "<group>"; };
		025B0D1E2BAF61BA001F06BA /* homePage.swift */ = {isa = PBXFileReference; lastKnownFileType = sourcecode.swift; path = homePage.swift; sourceTree = "<group>"; };
		6E8A895E2BAF71F70034AFFA /* myPantry.entitlements */ = {isa = PBXFileReference; lastKnownFileType = text.plist.entitlements; path = myPantry.entitlements; sourceTree = "<group>"; };
		6E8C69232BAF535B0071AA25 /* myPantry.app */ = {isa = PBXFileReference; explicitFileType = wrapper.application; includeInIndex = 0; path = myPantry.app; sourceTree = BUILT_PRODUCTS_DIR; };
		6E8C69262BAF535B0071AA25 /* myPantryApp.swift */ = {isa = PBXFileReference; lastKnownFileType = sourcecode.swift; path = myPantryApp.swift; sourceTree = "<group>"; };
		6E8C69282BAF535B0071AA25 /* ContentView.swift */ = {isa = PBXFileReference; lastKnownFileType = sourcecode.swift; path = ContentView.swift; sourceTree = "<group>"; };
		6E8C692A2BAF535B0071AA25 /* Assets.xcassets */ = {isa = PBXFileReference; lastKnownFileType = folder.assetcatalog; path = Assets.xcassets; sourceTree = "<group>"; };
		6E8C692D2BAF535B0071AA25 /* Preview Assets.xcassets */ = {isa = PBXFileReference; lastKnownFileType = folder.assetcatalog; path = "Preview Assets.xcassets"; sourceTree = "<group>"; };
/* End PBXFileReference section */

/* Begin PBXFrameworksBuildPhase section */
		6E8C69202BAF535B0071AA25 /* Frameworks */ = {
			isa = PBXFrameworksBuildPhase;
			buildActionMask = 2147483647;
			files = (
				6E8C69392BAF559E0071AA25 /* FirebaseAnalytics in Frameworks */,
				6E8C693B2BAF559E0071AA25 /* FirebaseAuth in Frameworks */,
				6E8A895D2BAF6C520034AFFA /* FirebaseFirestore in Frameworks */,
			);
			runOnlyForDeploymentPostprocessing = 0;
		};
/* End PBXFrameworksBuildPhase section */

/* Begin PBXGroup section */
		6E8C691A2BAF535B0071AA25 = {
			isa = PBXGroup;
			children = (
				6E8C69252BAF535B0071AA25 /* myPantry */,
				6E8C69242BAF535B0071AA25 /* Products */,
			);
			sourceTree = "<group>";
		};
		6E8C69242BAF535B0071AA25 /* Products */ = {
			isa = PBXGroup;
			children = (
				6E8C69232BAF535B0071AA25 /* myPantry.app */,
			);
			name = Products;
			sourceTree = "<group>";
		};
		6E8C69252BAF535B0071AA25 /* myPantry */ = {
			isa = PBXGroup;
			children = (
				6E8A895E2BAF71F70034AFFA /* myPantry.entitlements */,
				6E8C69262BAF535B0071AA25 /* myPantryApp.swift */,
				6E8C69282BAF535B0071AA25 /* ContentView.swift */,
				025B0D182BAF56A5001F06BA /* loginPage.swift */,
				025B0D1E2BAF61BA001F06BA /* homePage.swift */,
				6E8C692A2BAF535B0071AA25 /* Assets.xcassets */,
				6E8C692C2BAF535B0071AA25 /* Preview Content */,
			);
			path = myPantry;
			sourceTree = "<group>";
		};
		6E8C692C2BAF535B0071AA25 /* Preview Content */ = {
			isa = PBXGroup;
			children = (
				6E8C692D2BAF535B0071AA25 /* Preview Assets.xcassets */,
			);
			path = "Preview Content";
			sourceTree = "<group>";
		};
/* End PBXGroup section */

/* Begin PBXNativeTarget section */
		6E8C69222BAF535B0071AA25 /* myPantry */ = {
			isa = PBXNativeTarget;
			buildConfigurationList = 6E8C69312BAF535B0071AA25 /* Build configuration list for PBXNativeTarget "myPantry" */;
			buildPhases = (
				6E8C691F2BAF535B0071AA25 /* Sources */,
				6E8C69202BAF535B0071AA25 /* Frameworks */,
				6E8C69212BAF535B0071AA25 /* Resources */,
			);
			buildRules = (
			);
			dependencies = (
			);
			name = myPantry;
			packageProductDependencies = (
				6E8C69382BAF559E0071AA25 /* FirebaseAnalytics */,
				6E8C693A2BAF559E0071AA25 /* FirebaseAuth */,
				6E8A895C2BAF6C520034AFFA /* FirebaseFirestore */,
			);
			productName = myPantry;
			productReference = 6E8C69232BAF535B0071AA25 /* myPantry.app */;
			productType = "com.apple.product-type.application";
		};
/* End PBXNativeTarget section */

/* Begin PBXProject section */
		6E8C691B2BAF535B0071AA25 /* Project object */ = {
			isa = PBXProject;
			attributes = {
				BuildIndependentTargetsInParallel = 1;
				LastSwiftUpdateCheck = 1530;
				LastUpgradeCheck = 1530;
				TargetAttributes = {
					6E8C69222BAF535B0071AA25 = {
						CreatedOnToolsVersion = 15.3;
					};
				};
			};
			buildConfigurationList = 6E8C691E2BAF535B0071AA25 /* Build configuration list for PBXProject "myPantry" */;
			compatibilityVersion = "Xcode 14.0";
			developmentRegion = en;
			hasScannedForEncodings = 0;
			knownRegions = (
				en,
				Base,
			);
			mainGroup = 6E8C691A2BAF535B0071AA25;
			packageReferences = (
				6E8C69372BAF559E0071AA25 /* XCRemoteSwiftPackageReference "firebase-ios-sdk" */,
			);
			productRefGroup = 6E8C69242BAF535B0071AA25 /* Products */;
			projectDirPath = "";
			projectRoot = "";
			targets = (
				6E8C69222BAF535B0071AA25 /* myPantry */,
			);
		};
/* End PBXProject section */

/* Begin PBXResourcesBuildPhase section */
		6E8C69212BAF535B0071AA25 /* Resources */ = {
			isa = PBXResourcesBuildPhase;
			buildActionMask = 2147483647;
			files = (
				6E8C692E2BAF535B0071AA25 /* Preview Assets.xcassets in Resources */,
				6E8C692B2BAF535B0071AA25 /* Assets.xcassets in Resources */,
			);
			runOnlyForDeploymentPostprocessing = 0;
		};
/* End PBXResourcesBuildPhase section */

/* Begin PBXSourcesBuildPhase section */
		6E8C691F2BAF535B0071AA25 /* Sources */ = {
			isa = PBXSourcesBuildPhase;
			buildActionMask = 2147483647;
			files = (
				6E8C69292BAF535B0071AA25 /* ContentView.swift in Sources */,
				6E8C69272BAF535B0071AA25 /* myPantryApp.swift in Sources */,
				025B0D192BAF56A5001F06BA /* loginPage.swift in Sources */,
				025B0D1F2BAF61BA001F06BA /* homePage.swift in Sources */,
			);
			runOnlyForDeploymentPostprocessing = 0;
		};
/* End PBXSourcesBuildPhase section */

/* Begin XCBuildConfiguration section */
		6E8C692F2BAF535B0071AA25 /* Debug */ = {
			isa = XCBuildConfiguration;
			buildSettings = {
				ALWAYS_SEARCH_USER_PATHS = NO;
				ASSETCATALOG_COMPILER_GENERATE_SWIFT_ASSET_SYMBOL_EXTENSIONS = YES;
				CLANG_ANALYZER_NONNULL = YES;
				CLANG_ANALYZER_NUMBER_OBJECT_CONVERSION = YES_AGGRESSIVE;
				CLANG_CXX_LANGUAGE_STANDARD = "gnu++20";
				CLANG_ENABLE_MODULES = YES;
				CLANG_ENABLE_OBJC_ARC = YES;
				CLANG_ENABLE_OBJC_WEAK = YES;
				CLANG_WARN_BLOCK_CAPTURE_AUTORELEASING = YES;
				CLANG_WARN_BOOL_CONVERSION = YES;
				CLANG_WARN_COMMA = YES;
				CLANG_WARN_CONSTANT_CONVERSION = YES;
				CLANG_WARN_DEPRECATED_OBJC_IMPLEMENTATIONS = YES;
				CLANG_WARN_DIRECT_OBJC_ISA_USAGE = YES_ERROR;
				CLANG_WARN_DOCUMENTATION_COMMENTS = YES;
				CLANG_WARN_EMPTY_BODY = YES;
				CLANG_WARN_ENUM_CONVERSION = YES;
				CLANG_WARN_INFINITE_RECURSION = YES;
				CLANG_WARN_INT_CONVERSION = YES;
				CLANG_WARN_NON_LITERAL_NULL_CONVERSION = YES;
				CLANG_WARN_OBJC_IMPLICIT_RETAIN_SELF = YES;
				CLANG_WARN_OBJC_LITERAL_CONVERSION = YES;
				CLANG_WARN_OBJC_ROOT_CLASS = YES_ERROR;
				CLANG_WARN_QUOTED_INCLUDE_IN_FRAMEWORK_HEADER = YES;
				CLANG_WARN_RANGE_LOOP_ANALYSIS = YES;
				CLANG_WARN_STRICT_PROTOTYPES = YES;
				CLANG_WARN_SUSPICIOUS_MOVE = YES;
				CLANG_WARN_UNGUARDED_AVAILABILITY = YES_AGGRESSIVE;
				CLANG_WARN_UNREACHABLE_CODE = YES;
				CLANG_WARN__DUPLICATE_METHOD_MATCH = YES;
				COPY_PHASE_STRIP = NO;
				DEBUG_INFORMATION_FORMAT = dwarf;
				ENABLE_STRICT_OBJC_MSGSEND = YES;
				ENABLE_TESTABILITY = YES;
				ENABLE_USER_SCRIPT_SANDBOXING = YES;
				GCC_C_LANGUAGE_STANDARD = gnu17;
				GCC_DYNAMIC_NO_PIC = NO;
				GCC_NO_COMMON_BLOCKS = YES;
				GCC_OPTIMIZATION_LEVEL = 0;
				GCC_PREPROCESSOR_DEFINITIONS = (
					"DEBUG=1",
					"$(inherited)",
				);
				GCC_WARN_64_TO_32_BIT_CONVERSION = YES;
				GCC_WARN_ABOUT_RETURN_TYPE = YES_ERROR;
				GCC_WARN_UNDECLARED_SELECTOR = YES;
				GCC_WARN_UNINITIALIZED_AUTOS = YES_AGGRESSIVE;
				GCC_WARN_UNUSED_FUNCTION = YES;
				GCC_WARN_UNUSED_VARIABLE = YES;
				IPHONEOS_DEPLOYMENT_TARGET = 17.4;
				LOCALIZATION_PREFERS_STRING_CATALOGS = YES;
				MTL_ENABLE_DEBUG_INFO = INCLUDE_SOURCE;
				MTL_FAST_MATH = YES;
				ONLY_ACTIVE_ARCH = YES;
				SDKROOT = iphoneos;
				SWIFT_ACTIVE_COMPILATION_CONDITIONS = "DEBUG $(inherited)";
				SWIFT_OPTIMIZATION_LEVEL = "-Onone";
			};
			name = Debug;
		};
		6E8C69302BAF535B0071AA25 /* Release */ = {
			isa = XCBuildConfiguration;
			buildSettings = {
				ALWAYS_SEARCH_USER_PATHS = NO;
				ASSETCATALOG_COMPILER_GENERATE_SWIFT_ASSET_SYMBOL_EXTENSIONS = YES;
				CLANG_ANALYZER_NONNULL = YES;
				CLANG_ANALYZER_NUMBER_OBJECT_CONVERSION = YES_AGGRESSIVE;
				CLANG_CXX_LANGUAGE_STANDARD = "gnu++20";
				CLANG_ENABLE_MODULES = YES;
				CLANG_ENABLE_OBJC_ARC = YES;
				CLANG_ENABLE_OBJC_WEAK = YES;
				CLANG_WARN_BLOCK_CAPTURE_AUTORELEASING = YES;
				CLANG_WARN_BOOL_CONVERSION = YES;
				CLANG_WARN_COMMA = YES;
				CLANG_WARN_CONSTANT_CONVERSION = YES;
				CLANG_WARN_DEPRECATED_OBJC_IMPLEMENTATIONS = YES;
				CLANG_WARN_DIRECT_OBJC_ISA_USAGE = YES_ERROR;
				CLANG_WARN_DOCUMENTATION_COMMENTS = YES;
				CLANG_WARN_EMPTY_BODY = YES;
				CLANG_WARN_ENUM_CONVERSION = YES;
				CLANG_WARN_INFINITE_RECURSION = YES;
				CLANG_WARN_INT_CONVERSION = YES;
				CLANG_WARN_NON_LITERAL_NULL_CONVERSION = YES;
				CLANG_WARN_OBJC_IMPLICIT_RETAIN_SELF = YES;
				CLANG_WARN_OBJC_LITERAL_CONVERSION = YES;
				CLANG_WARN_OBJC_ROOT_CLASS = YES_ERROR;
				CLANG_WARN_QUOTED_INCLUDE_IN_FRAMEWORK_HEADER = YES;
				CLANG_WARN_RANGE_LOOP_ANALYSIS = YES;
				CLANG_WARN_STRICT_PROTOTYPES = YES;
				CLANG_WARN_SUSPICIOUS_MOVE = YES;
				CLANG_WARN_UNGUARDED_AVAILABILITY = YES_AGGRESSIVE;
				CLANG_WARN_UNREACHABLE_CODE = YES;
				CLANG_WARN__DUPLICATE_METHOD_MATCH = YES;
				COPY_PHASE_STRIP = NO;
				DEBUG_INFORMATION_FORMAT = "dwarf-with-dsym";
				ENABLE_NS_ASSERTIONS = NO;
				ENABLE_STRICT_OBJC_MSGSEND = YES;
				ENABLE_USER_SCRIPT_SANDBOXING = YES;
				GCC_C_LANGUAGE_STANDARD = gnu17;
				GCC_NO_COMMON_BLOCKS = YES;
				GCC_WARN_64_TO_32_BIT_CONVERSION = YES;
				GCC_WARN_ABOUT_RETURN_TYPE = YES_ERROR;
				GCC_WARN_UNDECLARED_SELECTOR = YES;
				GCC_WARN_UNINITIALIZED_AUTOS = YES_AGGRESSIVE;
				GCC_WARN_UNUSED_FUNCTION = YES;
				GCC_WARN_UNUSED_VARIABLE = YES;
				IPHONEOS_DEPLOYMENT_TARGET = 17.4;
				LOCALIZATION_PREFERS_STRING_CATALOGS = YES;
				MTL_ENABLE_DEBUG_INFO = NO;
				MTL_FAST_MATH = YES;
				SDKROOT = iphoneos;
				SWIFT_COMPILATION_MODE = wholemodule;
				VALIDATE_PRODUCT = YES;
			};
			name = Release;
		};
		6E8C69322BAF535B0071AA25 /* Debug */ = {
			isa = XCBuildConfiguration;
			buildSettings = {
				ASSETCATALOG_COMPILER_APPICON_NAME = AppIcon;
				ASSETCATALOG_COMPILER_GLOBAL_ACCENT_COLOR_NAME = AccentColor;
				CODE_SIGN_ENTITLEMENTS = myPantry/myPantry.entitlements;
				CODE_SIGN_IDENTITY = "Apple Development";
				CODE_SIGN_STYLE = Automatic;
				CURRENT_PROJECT_VERSION = 1;
				DEVELOPMENT_ASSET_PATHS = "\"myPantry/Preview Content\"";
				DEVELOPMENT_TEAM = 5ML5BZ26LS;
				ENABLE_PREVIEWS = YES;
				GENERATE_INFOPLIST_FILE = YES;
				INFOPLIST_KEY_UIApplicationSceneManifest_Generation = YES;
				INFOPLIST_KEY_UIApplicationSupportsIndirectInputEvents = YES;
				INFOPLIST_KEY_UILaunchScreen_Generation = YES;
				INFOPLIST_KEY_UISupportedInterfaceOrientations_iPad = "UIInterfaceOrientationPortrait UIInterfaceOrientationPortraitUpsideDown UIInterfaceOrientationLandscapeLeft UIInterfaceOrientationLandscapeRight";
				INFOPLIST_KEY_UISupportedInterfaceOrientations_iPhone = "UIInterfaceOrientationPortrait UIInterfaceOrientationLandscapeLeft UIInterfaceOrientationLandscapeRight";
				LD_RUNPATH_SEARCH_PATHS = (
					"$(inherited)",
					"@executable_path/Frameworks",
				);
				MARKETING_VERSION = 1.0;
				OTHER_LDFLAGS = "-ObjC";
				PRODUCT_BUNDLE_IDENTIFIER = paris.myPantry;
				PRODUCT_NAME = "$(TARGET_NAME)";
				PROVISIONING_PROFILE_SPECIFIER = "";
				SWIFT_EMIT_LOC_STRINGS = YES;
				SWIFT_VERSION = 5.0;
				TARGETED_DEVICE_FAMILY = "1,2";
			};
			name = Debug;
		};
		6E8C69332BAF535B0071AA25 /* Release */ = {
			isa = XCBuildConfiguration;
			buildSettings = {
				ASSETCATALOG_COMPILER_APPICON_NAME = AppIcon;
				ASSETCATALOG_COMPILER_GLOBAL_ACCENT_COLOR_NAME = AccentColor;
				CODE_SIGN_ENTITLEMENTS = myPantry/myPantry.entitlements;
				CODE_SIGN_IDENTITY = "Apple Development";
				CODE_SIGN_STYLE = Automatic;
				CURRENT_PROJECT_VERSION = 1;
				DEVELOPMENT_ASSET_PATHS = "\"myPantry/Preview Content\"";
				DEVELOPMENT_TEAM = 5ML5BZ26LS;
				ENABLE_PREVIEWS = YES;
				GENERATE_INFOPLIST_FILE = YES;
				INFOPLIST_KEY_UIApplicationSceneManifest_Generation = YES;
				INFOPLIST_KEY_UIApplicationSupportsIndirectInputEvents = YES;
				INFOPLIST_KEY_UILaunchScreen_Generation = YES;
				INFOPLIST_KEY_UISupportedInterfaceOrientations_iPad = "UIInterfaceOrientationPortrait UIInterfaceOrientationPortraitUpsideDown UIInterfaceOrientationLandscapeLeft UIInterfaceOrientationLandscapeRight";
				INFOPLIST_KEY_UISupportedInterfaceOrientations_iPhone = "UIInterfaceOrientationPortrait UIInterfaceOrientationLandscapeLeft UIInterfaceOrientationLandscapeRight";
				LD_RUNPATH_SEARCH_PATHS = (
					"$(inherited)",
					"@executable_path/Frameworks",
				);
				MARKETING_VERSION = 1.0;
				OTHER_LDFLAGS = "-ObjC";
				PRODUCT_BUNDLE_IDENTIFIER = paris.myPantry;
				PRODUCT_NAME = "$(TARGET_NAME)";
				PROVISIONING_PROFILE_SPECIFIER = "";
				SWIFT_EMIT_LOC_STRINGS = YES;
				SWIFT_VERSION = 5.0;
				TARGETED_DEVICE_FAMILY = "1,2";
			};
			name = Release;
		};
/* End XCBuildConfiguration section */

/* Begin XCConfigurationList section */
		6E8C691E2BAF535B0071AA25 /* Build configuration list for PBXProject "myPantry" */ = {
			isa = XCConfigurationList;
			buildConfigurations = (
				6E8C692F2BAF535B0071AA25 /* Debug */,
				6E8C69302BAF535B0071AA25 /* Release */,
			);
			defaultConfigurationIsVisible = 0;
			defaultConfigurationName = Release;
		};
		6E8C69312BAF535B0071AA25 /* Build configuration list for PBXNativeTarget "myPantry" */ = {
			isa = XCConfigurationList;
			buildConfigurations = (
				6E8C69322BAF535B0071AA25 /* Debug */,
				6E8C69332BAF535B0071AA25 /* Release */,
			);
			defaultConfigurationIsVisible = 0;
			defaultConfigurationName = Release;
		};
/* End XCConfigurationList section */

/* Begin XCRemoteSwiftPackageReference section */
		6E8C69372BAF559E0071AA25 /* XCRemoteSwiftPackageReference "firebase-ios-sdk" */ = {
			isa = XCRemoteSwiftPackageReference;
			repositoryURL = "https://github.com/firebase/firebase-ios-sdk";
			requirement = {
				kind = upToNextMajorVersion;
				minimumVersion = 10.23.0;
			};
		};
/* End XCRemoteSwiftPackageReference section */

/* Begin XCSwiftPackageProductDependency section */
		6E8A895C2BAF6C520034AFFA /* FirebaseFirestore */ = {
			isa = XCSwiftPackageProductDependency;
			package = 6E8C69372BAF559E0071AA25 /* XCRemoteSwiftPackageReference "firebase-ios-sdk" */;
			productName = FirebaseFirestore;
		};
		6E8C69382BAF559E0071AA25 /* FirebaseAnalytics */ = {
			isa = XCSwiftPackageProductDependency;
			package = 6E8C69372BAF559E0071AA25 /* XCRemoteSwiftPackageReference "firebase-ios-sdk" */;
			productName = FirebaseAnalytics;
		};
		6E8C693A2BAF559E0071AA25 /* FirebaseAuth */ = {
			isa = XCSwiftPackageProductDependency;
			package = 6E8C69372BAF559E0071AA25 /* XCRemoteSwiftPackageReference "firebase-ios-sdk" */;
			productName = FirebaseAuth;
		};
/* End XCSwiftPackageProductDependency section */
	};
	rootObject = 6E8C691B2BAF535B0071AA25 /* Project object */;
}
