// !$*UTF8*$!
{
	archiveVersion = 1;
	classes = {
	};
	objectVersion = 56;
	objects = {

/* Begin PBXBuildFile section */
		02C5F41C2BAF3E83008F90B3 /* loginPage.swift in Sources */ = {isa = PBXBuildFile; fileRef = 02C5F41B2BAF3E83008F90B3 /* loginPage.swift */; };
		6E32791D2BAF34AB002E8030 /* myPantryApp.swift in Sources */ = {isa = PBXBuildFile; fileRef = 6E32791C2BAF34AB002E8030 /* myPantryApp.swift */; };
		6E32791F2BAF34AB002E8030 /* ContentView.swift in Sources */ = {isa = PBXBuildFile; fileRef = 6E32791E2BAF34AB002E8030 /* ContentView.swift */; };
		6E3279212BAF34AD002E8030 /* Assets.xcassets in Resources */ = {isa = PBXBuildFile; fileRef = 6E3279202BAF34AD002E8030 /* Assets.xcassets */; };
		6E3279242BAF34AD002E8030 /* Preview Assets.xcassets in Resources */ = {isa = PBXBuildFile; fileRef = 6E3279232BAF34AD002E8030 /* Preview Assets.xcassets */; };
		6E32792E2BAF34AD002E8030 /* myPantryTests.swift in Sources */ = {isa = PBXBuildFile; fileRef = 6E32792D2BAF34AD002E8030 /* myPantryTests.swift */; };
		6E3279382BAF34AD002E8030 /* myPantryUITests.swift in Sources */ = {isa = PBXBuildFile; fileRef = 6E3279372BAF34AD002E8030 /* myPantryUITests.swift */; };
		6E32793A2BAF34AD002E8030 /* myPantryUITestsLaunchTests.swift in Sources */ = {isa = PBXBuildFile; fileRef = 6E3279392BAF34AD002E8030 /* myPantryUITestsLaunchTests.swift */; };
		6E61416B2BAF4E2C006A1DC3 /* GoogleService-Info.plist in Resources */ = {isa = PBXBuildFile; fileRef = 6E61416A2BAF4E2B006A1DC3 /* GoogleService-Info.plist */; };
		6E61416E2BAF4EA9006A1DC3 /* FirebaseAnalytics in Frameworks */ = {isa = PBXBuildFile; productRef = 6E61416D2BAF4EA9006A1DC3 /* FirebaseAnalytics */; };
/* End PBXBuildFile section */

/* Begin PBXContainerItemProxy section */
		6E32792A2BAF34AD002E8030 /* PBXContainerItemProxy */ = {
			isa = PBXContainerItemProxy;
			containerPortal = 6E3279112BAF34AB002E8030 /* Project object */;
			proxyType = 1;
			remoteGlobalIDString = 6E3279182BAF34AB002E8030;
			remoteInfo = myPantry;
		};
		6E3279342BAF34AD002E8030 /* PBXContainerItemProxy */ = {
			isa = PBXContainerItemProxy;
			containerPortal = 6E3279112BAF34AB002E8030 /* Project object */;
			proxyType = 1;
			remoteGlobalIDString = 6E3279182BAF34AB002E8030;
			remoteInfo = myPantry;
		};
/* End PBXContainerItemProxy section */

/* Begin PBXFileReference section */
		02C5F41B2BAF3E83008F90B3 /* loginPage.swift */ = {isa = PBXFileReference; lastKnownFileType = sourcecode.swift; path = loginPage.swift; sourceTree = "<group>"; };
		6E3279192BAF34AB002E8030 /* myPantry.app */ = {isa = PBXFileReference; explicitFileType = wrapper.application; includeInIndex = 0; path = myPantry.app; sourceTree = BUILT_PRODUCTS_DIR; };
		6E32791C2BAF34AB002E8030 /* myPantryApp.swift */ = {isa = PBXFileReference; lastKnownFileType = sourcecode.swift; path = myPantryApp.swift; sourceTree = "<group>"; };
		6E32791E2BAF34AB002E8030 /* ContentView.swift */ = {isa = PBXFileReference; lastKnownFileType = sourcecode.swift; path = ContentView.swift; sourceTree = "<group>"; };
		6E3279202BAF34AD002E8030 /* Assets.xcassets */ = {isa = PBXFileReference; lastKnownFileType = folder.assetcatalog; path = Assets.xcassets; sourceTree = "<group>"; };
		6E3279232BAF34AD002E8030 /* Preview Assets.xcassets */ = {isa = PBXFileReference; lastKnownFileType = folder.assetcatalog; path = "Preview Assets.xcassets"; sourceTree = "<group>"; };
		6E3279292BAF34AD002E8030 /* myPantryTests.xctest */ = {isa = PBXFileReference; explicitFileType = wrapper.cfbundle; includeInIndex = 0; path = myPantryTests.xctest; sourceTree = BUILT_PRODUCTS_DIR; };
		6E32792D2BAF34AD002E8030 /* myPantryTests.swift */ = {isa = PBXFileReference; lastKnownFileType = sourcecode.swift; path = myPantryTests.swift; sourceTree = "<group>"; };
		6E3279332BAF34AD002E8030 /* myPantryUITests.xctest */ = {isa = PBXFileReference; explicitFileType = wrapper.cfbundle; includeInIndex = 0; path = myPantryUITests.xctest; sourceTree = BUILT_PRODUCTS_DIR; };
		6E3279372BAF34AD002E8030 /* myPantryUITests.swift */ = {isa = PBXFileReference; lastKnownFileType = sourcecode.swift; path = myPantryUITests.swift; sourceTree = "<group>"; };
		6E3279392BAF34AD002E8030 /* myPantryUITestsLaunchTests.swift */ = {isa = PBXFileReference; lastKnownFileType = sourcecode.swift; path = myPantryUITestsLaunchTests.swift; sourceTree = "<group>"; };
		6E61416A2BAF4E2B006A1DC3 /* GoogleService-Info.plist */ = {isa = PBXFileReference; fileEncoding = 4; lastKnownFileType = text.plist.xml; name = "GoogleService-Info.plist"; path = "../../../../Downloads/GoogleService-Info.plist"; sourceTree = "<group>"; };
/* End PBXFileReference section */

/* Begin PBXFrameworksBuildPhase section */
		6E3279162BAF34AB002E8030 /* Frameworks */ = {
			isa = PBXFrameworksBuildPhase;
			buildActionMask = 2147483647;
			files = (
				6E61416E2BAF4EA9006A1DC3 /* FirebaseAnalytics in Frameworks */,
			);
			runOnlyForDeploymentPostprocessing = 0;
		};
		6E3279262BAF34AD002E8030 /* Frameworks */ = {
			isa = PBXFrameworksBuildPhase;
			buildActionMask = 2147483647;
			files = (
			);
			runOnlyForDeploymentPostprocessing = 0;
		};
		6E3279302BAF34AD002E8030 /* Frameworks */ = {
			isa = PBXFrameworksBuildPhase;
			buildActionMask = 2147483647;
			files = (
			);
			runOnlyForDeploymentPostprocessing = 0;
		};
/* End PBXFrameworksBuildPhase section */

/* Begin PBXGroup section */
		6E3279102BAF34AB002E8030 = {
			isa = PBXGroup;
			children = (
				6E32791B2BAF34AB002E8030 /* myPantry */,
				6E32792C2BAF34AD002E8030 /* myPantryTests */,
				6E3279362BAF34AD002E8030 /* myPantryUITests */,
				6E32791A2BAF34AB002E8030 /* Products */,
			);
			sourceTree = "<group>";
		};
		6E32791A2BAF34AB002E8030 /* Products */ = {
			isa = PBXGroup;
			children = (
				6E3279192BAF34AB002E8030 /* myPantry.app */,
				6E3279292BAF34AD002E8030 /* myPantryTests.xctest */,
				6E3279332BAF34AD002E8030 /* myPantryUITests.xctest */,
			);
			name = Products;
			sourceTree = "<group>";
		};
		6E32791B2BAF34AB002E8030 /* myPantry */ = {
			isa = PBXGroup;
			children = (
				6E61416A2BAF4E2B006A1DC3 /* GoogleService-Info.plist */,
				6E32791C2BAF34AB002E8030 /* myPantryApp.swift */,
				6E32791E2BAF34AB002E8030 /* ContentView.swift */,
				02C5F41B2BAF3E83008F90B3 /* loginPage.swift */,
				6E3279202BAF34AD002E8030 /* Assets.xcassets */,
				6E3279222BAF34AD002E8030 /* Preview Content */,
			);
			path = myPantry;
			sourceTree = "<group>";
		};
		6E3279222BAF34AD002E8030 /* Preview Content */ = {
			isa = PBXGroup;
			children = (
				6E3279232BAF34AD002E8030 /* Preview Assets.xcassets */,
			);
			path = "Preview Content";
			sourceTree = "<group>";
		};
		6E32792C2BAF34AD002E8030 /* myPantryTests */ = {
			isa = PBXGroup;
			children = (
				6E32792D2BAF34AD002E8030 /* myPantryTests.swift */,
			);
			path = myPantryTests;
			sourceTree = "<group>";
		};
		6E3279362BAF34AD002E8030 /* myPantryUITests */ = {
			isa = PBXGroup;
			children = (
				6E3279372BAF34AD002E8030 /* myPantryUITests.swift */,
				6E3279392BAF34AD002E8030 /* myPantryUITestsLaunchTests.swift */,
			);
			path = myPantryUITests;
			sourceTree = "<group>";
		};
/* End PBXGroup section */

/* Begin PBXNativeTarget section */
		6E3279182BAF34AB002E8030 /* myPantry */ = {
			isa = PBXNativeTarget;
			buildConfigurationList = 6E32793D2BAF34AD002E8030 /* Build configuration list for PBXNativeTarget "myPantry" */;
			buildPhases = (
				6E3279152BAF34AB002E8030 /* Sources */,
				6E3279162BAF34AB002E8030 /* Frameworks */,
				6E3279172BAF34AB002E8030 /* Resources */,
			);
			buildRules = (
			);
			dependencies = (
			);
			name = myPantry;
			packageProductDependencies = (
				6E61416D2BAF4EA9006A1DC3 /* FirebaseAnalytics */,
			);
			productName = myPantry;
			productReference = 6E3279192BAF34AB002E8030 /* myPantry.app */;
			productType = "com.apple.product-type.application";
		};
		6E3279282BAF34AD002E8030 /* myPantryTests */ = {
			isa = PBXNativeTarget;
			buildConfigurationList = 6E3279402BAF34AD002E8030 /* Build configuration list for PBXNativeTarget "myPantryTests" */;
			buildPhases = (
				6E3279252BAF34AD002E8030 /* Sources */,
				6E3279262BAF34AD002E8030 /* Frameworks */,
				6E3279272BAF34AD002E8030 /* Resources */,
			);
			buildRules = (
			);
			dependencies = (
				6E32792B2BAF34AD002E8030 /* PBXTargetDependency */,
			);
			name = myPantryTests;
			productName = myPantryTests;
			productReference = 6E3279292BAF34AD002E8030 /* myPantryTests.xctest */;
			productType = "com.apple.product-type.bundle.unit-test";
		};
		6E3279322BAF34AD002E8030 /* myPantryUITests */ = {
			isa = PBXNativeTarget;
			buildConfigurationList = 6E3279432BAF34AD002E8030 /* Build configuration list for PBXNativeTarget "myPantryUITests" */;
			buildPhases = (
				6E32792F2BAF34AD002E8030 /* Sources */,
				6E3279302BAF34AD002E8030 /* Frameworks */,
				6E3279312BAF34AD002E8030 /* Resources */,
			);
			buildRules = (
			);
			dependencies = (
				6E3279352BAF34AD002E8030 /* PBXTargetDependency */,
			);
			name = myPantryUITests;
			productName = myPantryUITests;
			productReference = 6E3279332BAF34AD002E8030 /* myPantryUITests.xctest */;
			productType = "com.apple.product-type.bundle.ui-testing";
		};
/* End PBXNativeTarget section */

/* Begin PBXProject section */
		6E3279112BAF34AB002E8030 /* Project object */ = {
			isa = PBXProject;
			attributes = {
				BuildIndependentTargetsInParallel = 1;
				LastSwiftUpdateCheck = 1530;
				LastUpgradeCheck = 1530;
				TargetAttributes = {
					6E3279182BAF34AB002E8030 = {
						CreatedOnToolsVersion = 15.3;
					};
					6E3279282BAF34AD002E8030 = {
						CreatedOnToolsVersion = 15.3;
						TestTargetID = 6E3279182BAF34AB002E8030;
					};
					6E3279322BAF34AD002E8030 = {
						CreatedOnToolsVersion = 15.3;
						TestTargetID = 6E3279182BAF34AB002E8030;
					};
				};
			};
			buildConfigurationList = 6E3279142BAF34AB002E8030 /* Build configuration list for PBXProject "myPantry" */;
			compatibilityVersion = "Xcode 14.0";
			developmentRegion = en;
			hasScannedForEncodings = 0;
			knownRegions = (
				en,
				Base,
			);
			mainGroup = 6E3279102BAF34AB002E8030;
			packageReferences = (
				6E61416C2BAF4EA9006A1DC3 /* XCRemoteSwiftPackageReference "firebase-ios-sdk" */,
			);
			productRefGroup = 6E32791A2BAF34AB002E8030 /* Products */;
			projectDirPath = "";
			projectRoot = "";
			targets = (
				6E3279182BAF34AB002E8030 /* myPantry */,
				6E3279282BAF34AD002E8030 /* myPantryTests */,
				6E3279322BAF34AD002E8030 /* myPantryUITests */,
			);
		};
/* End PBXProject section */

/* Begin PBXResourcesBuildPhase section */
		6E3279172BAF34AB002E8030 /* Resources */ = {
			isa = PBXResourcesBuildPhase;
			buildActionMask = 2147483647;
			files = (
				6E3279242BAF34AD002E8030 /* Preview Assets.xcassets in Resources */,
				6E3279212BAF34AD002E8030 /* Assets.xcassets in Resources */,
				6E61416B2BAF4E2C006A1DC3 /* GoogleService-Info.plist in Resources */,
			);
			runOnlyForDeploymentPostprocessing = 0;
		};
		6E3279272BAF34AD002E8030 /* Resources */ = {
			isa = PBXResourcesBuildPhase;
			buildActionMask = 2147483647;
			files = (
			);
			runOnlyForDeploymentPostprocessing = 0;
		};
		6E3279312BAF34AD002E8030 /* Resources */ = {
			isa = PBXResourcesBuildPhase;
			buildActionMask = 2147483647;
			files = (
			);
			runOnlyForDeploymentPostprocessing = 0;
		};
/* End PBXResourcesBuildPhase section */

/* Begin PBXSourcesBuildPhase section */
		6E3279152BAF34AB002E8030 /* Sources */ = {
			isa = PBXSourcesBuildPhase;
			buildActionMask = 2147483647;
			files = (
				6E32791F2BAF34AB002E8030 /* ContentView.swift in Sources */,
				6E32791D2BAF34AB002E8030 /* myPantryApp.swift in Sources */,
				02C5F41C2BAF3E83008F90B3 /* loginPage.swift in Sources */,
			);
			runOnlyForDeploymentPostprocessing = 0;
		};
		6E3279252BAF34AD002E8030 /* Sources */ = {
			isa = PBXSourcesBuildPhase;
			buildActionMask = 2147483647;
			files = (
				6E32792E2BAF34AD002E8030 /* myPantryTests.swift in Sources */,
			);
			runOnlyForDeploymentPostprocessing = 0;
		};
		6E32792F2BAF34AD002E8030 /* Sources */ = {
			isa = PBXSourcesBuildPhase;
			buildActionMask = 2147483647;
			files = (
				6E32793A2BAF34AD002E8030 /* myPantryUITestsLaunchTests.swift in Sources */,
				6E3279382BAF34AD002E8030 /* myPantryUITests.swift in Sources */,
			);
			runOnlyForDeploymentPostprocessing = 0;
		};
/* End PBXSourcesBuildPhase section */

/* Begin PBXTargetDependency section */
		6E32792B2BAF34AD002E8030 /* PBXTargetDependency */ = {
			isa = PBXTargetDependency;
			target = 6E3279182BAF34AB002E8030 /* myPantry */;
			targetProxy = 6E32792A2BAF34AD002E8030 /* PBXContainerItemProxy */;
		};
		6E3279352BAF34AD002E8030 /* PBXTargetDependency */ = {
			isa = PBXTargetDependency;
			target = 6E3279182BAF34AB002E8030 /* myPantry */;
			targetProxy = 6E3279342BAF34AD002E8030 /* PBXContainerItemProxy */;
		};
/* End PBXTargetDependency section */

/* Begin XCBuildConfiguration section */
		6E32793B2BAF34AD002E8030 /* Debug */ = {
			isa = XCBuildConfiguration;
			buildSettings = {
				ALWAYS_SEARCH_USER_PATHS = NO;
				ASSETCATALOG_COMPILER_GENERATE_SWIFT_ASSET_SYMBOL_EXTENSIONS = YES;
				CLANG_ANALYZER_NONNULL = YES;
				CLANG_ANALYZER_NUMBER_OBJECT_CONVERSION = YES_AGGRESSIVE;
				CLANG_CXX_LANGUAGE_STANDARD = "gnu++20";
				CLANG_ENABLE_MODULES = YES;
				CLANG_ENABLE_OBJC_ARC = YES;
				CLANG_ENABLE_OBJC_WEAK = YES;
				CLANG_WARN_BLOCK_CAPTURE_AUTORELEASING = YES;
				CLANG_WARN_BOOL_CONVERSION = YES;
				CLANG_WARN_COMMA = YES;
				CLANG_WARN_CONSTANT_CONVERSION = YES;
				CLANG_WARN_DEPRECATED_OBJC_IMPLEMENTATIONS = YES;
				CLANG_WARN_DIRECT_OBJC_ISA_USAGE = YES_ERROR;
				CLANG_WARN_DOCUMENTATION_COMMENTS = YES;
				CLANG_WARN_EMPTY_BODY = YES;
				CLANG_WARN_ENUM_CONVERSION = YES;
				CLANG_WARN_INFINITE_RECURSION = YES;
				CLANG_WARN_INT_CONVERSION = YES;
				CLANG_WARN_NON_LITERAL_NULL_CONVERSION = YES;
				CLANG_WARN_OBJC_IMPLICIT_RETAIN_SELF = YES;
				CLANG_WARN_OBJC_LITERAL_CONVERSION = YES;
				CLANG_WARN_OBJC_ROOT_CLASS = YES_ERROR;
				CLANG_WARN_QUOTED_INCLUDE_IN_FRAMEWORK_HEADER = YES;
				CLANG_WARN_RANGE_LOOP_ANALYSIS = YES;
				CLANG_WARN_STRICT_PROTOTYPES = YES;
				CLANG_WARN_SUSPICIOUS_MOVE = YES;
				CLANG_WARN_UNGUARDED_AVAILABILITY = YES_AGGRESSIVE;
				CLANG_WARN_UNREACHABLE_CODE = YES;
				CLANG_WARN__DUPLICATE_METHOD_MATCH = YES;
				COPY_PHASE_STRIP = NO;
				DEBUG_INFORMATION_FORMAT = dwarf;
				ENABLE_STRICT_OBJC_MSGSEND = YES;
				ENABLE_TESTABILITY = YES;
				ENABLE_USER_SCRIPT_SANDBOXING = YES;
				GCC_C_LANGUAGE_STANDARD = gnu17;
				GCC_DYNAMIC_NO_PIC = NO;
				GCC_NO_COMMON_BLOCKS = YES;
				GCC_OPTIMIZATION_LEVEL = 0;
				GCC_PREPROCESSOR_DEFINITIONS = (
					"DEBUG=1",
					"$(inherited)",
				);
				GCC_WARN_64_TO_32_BIT_CONVERSION = YES;
				GCC_WARN_ABOUT_RETURN_TYPE = YES_ERROR;
				GCC_WARN_UNDECLARED_SELECTOR = YES;
				GCC_WARN_UNINITIALIZED_AUTOS = YES_AGGRESSIVE;
				GCC_WARN_UNUSED_FUNCTION = YES;
				GCC_WARN_UNUSED_VARIABLE = YES;
				IPHONEOS_DEPLOYMENT_TARGET = 17.4;
				LOCALIZATION_PREFERS_STRING_CATALOGS = YES;
				MTL_ENABLE_DEBUG_INFO = INCLUDE_SOURCE;
				MTL_FAST_MATH = YES;
				ONLY_ACTIVE_ARCH = YES;
				SDKROOT = iphoneos;
				SWIFT_ACTIVE_COMPILATION_CONDITIONS = "DEBUG $(inherited)";
				SWIFT_OPTIMIZATION_LEVEL = "-Onone";
			};
			name = Debug;
		};
		6E32793C2BAF34AD002E8030 /* Release */ = {
			isa = XCBuildConfiguration;
			buildSettings = {
				ALWAYS_SEARCH_USER_PATHS = NO;
				ASSETCATALOG_COMPILER_GENERATE_SWIFT_ASSET_SYMBOL_EXTENSIONS = YES;
				CLANG_ANALYZER_NONNULL = YES;
				CLANG_ANALYZER_NUMBER_OBJECT_CONVERSION = YES_AGGRESSIVE;
				CLANG_CXX_LANGUAGE_STANDARD = "gnu++20";
				CLANG_ENABLE_MODULES = YES;
				CLANG_ENABLE_OBJC_ARC = YES;
				CLANG_ENABLE_OBJC_WEAK = YES;
				CLANG_WARN_BLOCK_CAPTURE_AUTORELEASING = YES;
				CLANG_WARN_BOOL_CONVERSION = YES;
				CLANG_WARN_COMMA = YES;
				CLANG_WARN_CONSTANT_CONVERSION = YES;
				CLANG_WARN_DEPRECATED_OBJC_IMPLEMENTATIONS = YES;
				CLANG_WARN_DIRECT_OBJC_ISA_USAGE = YES_ERROR;
				CLANG_WARN_DOCUMENTATION_COMMENTS = YES;
				CLANG_WARN_EMPTY_BODY = YES;
				CLANG_WARN_ENUM_CONVERSION = YES;
				CLANG_WARN_INFINITE_RECURSION = YES;
				CLANG_WARN_INT_CONVERSION = YES;
				CLANG_WARN_NON_LITERAL_NULL_CONVERSION = YES;
				CLANG_WARN_OBJC_IMPLICIT_RETAIN_SELF = YES;
				CLANG_WARN_OBJC_LITERAL_CONVERSION = YES;
				CLANG_WARN_OBJC_ROOT_CLASS = YES_ERROR;
				CLANG_WARN_QUOTED_INCLUDE_IN_FRAMEWORK_HEADER = YES;
				CLANG_WARN_RANGE_LOOP_ANALYSIS = YES;
				CLANG_WARN_STRICT_PROTOTYPES = YES;
				CLANG_WARN_SUSPICIOUS_MOVE = YES;
				CLANG_WARN_UNGUARDED_AVAILABILITY = YES_AGGRESSIVE;
				CLANG_WARN_UNREACHABLE_CODE = YES;
				CLANG_WARN__DUPLICATE_METHOD_MATCH = YES;
				COPY_PHASE_STRIP = NO;
				DEBUG_INFORMATION_FORMAT = "dwarf-with-dsym";
				ENABLE_NS_ASSERTIONS = NO;
				ENABLE_STRICT_OBJC_MSGSEND = YES;
				ENABLE_USER_SCRIPT_SANDBOXING = YES;
				GCC_C_LANGUAGE_STANDARD = gnu17;
				GCC_NO_COMMON_BLOCKS = YES;
				GCC_WARN_64_TO_32_BIT_CONVERSION = YES;
				GCC_WARN_ABOUT_RETURN_TYPE = YES_ERROR;
				GCC_WARN_UNDECLARED_SELECTOR = YES;
				GCC_WARN_UNINITIALIZED_AUTOS = YES_AGGRESSIVE;
				GCC_WARN_UNUSED_FUNCTION = YES;
				GCC_WARN_UNUSED_VARIABLE = YES;
				IPHONEOS_DEPLOYMENT_TARGET = 17.4;
				LOCALIZATION_PREFERS_STRING_CATALOGS = YES;
				MTL_ENABLE_DEBUG_INFO = NO;
				MTL_FAST_MATH = YES;
				SDKROOT = iphoneos;
				SWIFT_COMPILATION_MODE = wholemodule;
				VALIDATE_PRODUCT = YES;
			};
			name = Release;
		};
		6E32793E2BAF34AD002E8030 /* Debug */ = {
			isa = XCBuildConfiguration;
			buildSettings = {
				ASSETCATALOG_COMPILER_APPICON_NAME = AppIcon;
				ASSETCATALOG_COMPILER_GLOBAL_ACCENT_COLOR_NAME = AccentColor;
				CODE_SIGN_STYLE = Automatic;
				CURRENT_PROJECT_VERSION = 1;
				DEVELOPMENT_ASSET_PATHS = "\"myPantry/Preview Content\"";
				DEVELOPMENT_TEAM = 5ML5BZ26LS;
				ENABLE_PREVIEWS = YES;
				GENERATE_INFOPLIST_FILE = YES;
				INFOPLIST_KEY_UIApplicationSceneManifest_Generation = YES;
				INFOPLIST_KEY_UIApplicationSupportsIndirectInputEvents = YES;
				INFOPLIST_KEY_UILaunchScreen_Generation = YES;
				INFOPLIST_KEY_UISupportedInterfaceOrientations_iPad = "UIInterfaceOrientationPortrait UIInterfaceOrientationPortraitUpsideDown UIInterfaceOrientationLandscapeLeft UIInterfaceOrientationLandscapeRight";
				INFOPLIST_KEY_UISupportedInterfaceOrientations_iPhone = "UIInterfaceOrientationPortrait UIInterfaceOrientationLandscapeLeft UIInterfaceOrientationLandscapeRight";
				LD_RUNPATH_SEARCH_PATHS = (
					"$(inherited)",
					"@executable_path/Frameworks",
				);
				MARKETING_VERSION = 1.0;
				PRODUCT_BUNDLE_IDENTIFIER = paris.myPantry;
				PRODUCT_NAME = "$(TARGET_NAME)";
				SWIFT_EMIT_LOC_STRINGS = YES;
				SWIFT_VERSION = 5.0;
				TARGETED_DEVICE_FAMILY = "1,2";
			};
			name = Debug;
		};
		6E32793F2BAF34AD002E8030 /* Release */ = {
			isa = XCBuildConfiguration;
			buildSettings = {
				ASSETCATALOG_COMPILER_APPICON_NAME = AppIcon;
				ASSETCATALOG_COMPILER_GLOBAL_ACCENT_COLOR_NAME = AccentColor;
				CODE_SIGN_STYLE = Automatic;
				CURRENT_PROJECT_VERSION = 1;
				DEVELOPMENT_ASSET_PATHS = "\"myPantry/Preview Content\"";
				DEVELOPMENT_TEAM = 5ML5BZ26LS;
				ENABLE_PREVIEWS = YES;
				GENERATE_INFOPLIST_FILE = YES;
				INFOPLIST_KEY_UIApplicationSceneManifest_Generation = YES;
				INFOPLIST_KEY_UIApplicationSupportsIndirectInputEvents = YES;
				INFOPLIST_KEY_UILaunchScreen_Generation = YES;
				INFOPLIST_KEY_UISupportedInterfaceOrientations_iPad = "UIInterfaceOrientationPortrait UIInterfaceOrientationPortraitUpsideDown UIInterfaceOrientationLandscapeLeft UIInterfaceOrientationLandscapeRight";
				INFOPLIST_KEY_UISupportedInterfaceOrientations_iPhone = "UIInterfaceOrientationPortrait UIInterfaceOrientationLandscapeLeft UIInterfaceOrientationLandscapeRight";
				LD_RUNPATH_SEARCH_PATHS = (
					"$(inherited)",
					"@executable_path/Frameworks",
				);
				MARKETING_VERSION = 1.0;
				PRODUCT_BUNDLE_IDENTIFIER = paris.myPantry;
				PRODUCT_NAME = "$(TARGET_NAME)";
				SWIFT_EMIT_LOC_STRINGS = YES;
				SWIFT_VERSION = 5.0;
				TARGETED_DEVICE_FAMILY = "1,2";
			};
			name = Release;
		};
		6E3279412BAF34AD002E8030 /* Debug */ = {
			isa = XCBuildConfiguration;
			buildSettings = {
				ALWAYS_EMBED_SWIFT_STANDARD_LIBRARIES = YES;
				BUNDLE_LOADER = "$(TEST_HOST)";
				CODE_SIGN_STYLE = Automatic;
				CURRENT_PROJECT_VERSION = 1;
				GENERATE_INFOPLIST_FILE = YES;
				IPHONEOS_DEPLOYMENT_TARGET = 17.4;
				MARKETING_VERSION = 1.0;
				PRODUCT_BUNDLE_IDENTIFIER = paris.myPantryTests;
				PRODUCT_NAME = "$(TARGET_NAME)";
				SWIFT_EMIT_LOC_STRINGS = NO;
				SWIFT_VERSION = 5.0;
				TARGETED_DEVICE_FAMILY = "1,2";
				TEST_HOST = "$(BUILT_PRODUCTS_DIR)/myPantry.app/$(BUNDLE_EXECUTABLE_FOLDER_PATH)/myPantry";
			};
			name = Debug;
		};
		6E3279422BAF34AD002E8030 /* Release */ = {
			isa = XCBuildConfiguration;
			buildSettings = {
				ALWAYS_EMBED_SWIFT_STANDARD_LIBRARIES = YES;
				BUNDLE_LOADER = "$(TEST_HOST)";
				CODE_SIGN_STYLE = Automatic;
				CURRENT_PROJECT_VERSION = 1;
				GENERATE_INFOPLIST_FILE = YES;
				IPHONEOS_DEPLOYMENT_TARGET = 17.4;
				MARKETING_VERSION = 1.0;
				PRODUCT_BUNDLE_IDENTIFIER = paris.myPantryTests;
				PRODUCT_NAME = "$(TARGET_NAME)";
				SWIFT_EMIT_LOC_STRINGS = NO;
				SWIFT_VERSION = 5.0;
				TARGETED_DEVICE_FAMILY = "1,2";
				TEST_HOST = "$(BUILT_PRODUCTS_DIR)/myPantry.app/$(BUNDLE_EXECUTABLE_FOLDER_PATH)/myPantry";
			};
			name = Release;
		};
		6E3279442BAF34AD002E8030 /* Debug */ = {
			isa = XCBuildConfiguration;
			buildSettings = {
				ALWAYS_EMBED_SWIFT_STANDARD_LIBRARIES = YES;
				CODE_SIGN_STYLE = Automatic;
				CURRENT_PROJECT_VERSION = 1;
				GENERATE_INFOPLIST_FILE = YES;
				MARKETING_VERSION = 1.0;
				PRODUCT_BUNDLE_IDENTIFIER = paris.myPantryUITests;
				PRODUCT_NAME = "$(TARGET_NAME)";
				SWIFT_EMIT_LOC_STRINGS = NO;
				SWIFT_VERSION = 5.0;
				TARGETED_DEVICE_FAMILY = "1,2";
				TEST_TARGET_NAME = myPantry;
			};
			name = Debug;
		};
		6E3279452BAF34AD002E8030 /* Release */ = {
			isa = XCBuildConfiguration;
			buildSettings = {
				ALWAYS_EMBED_SWIFT_STANDARD_LIBRARIES = YES;
				CODE_SIGN_STYLE = Automatic;
				CURRENT_PROJECT_VERSION = 1;
				GENERATE_INFOPLIST_FILE = YES;
				MARKETING_VERSION = 1.0;
				PRODUCT_BUNDLE_IDENTIFIER = paris.myPantryUITests;
				PRODUCT_NAME = "$(TARGET_NAME)";
				SWIFT_EMIT_LOC_STRINGS = NO;
				SWIFT_VERSION = 5.0;
				TARGETED_DEVICE_FAMILY = "1,2";
				TEST_TARGET_NAME = myPantry;
			};
			name = Release;
		};
/* End XCBuildConfiguration section */

/* Begin XCConfigurationList section */
		6E3279142BAF34AB002E8030 /* Build configuration list for PBXProject "myPantry" */ = {
			isa = XCConfigurationList;
			buildConfigurations = (
				6E32793B2BAF34AD002E8030 /* Debug */,
				6E32793C2BAF34AD002E8030 /* Release */,
			);
			defaultConfigurationIsVisible = 0;
			defaultConfigurationName = Release;
		};
		6E32793D2BAF34AD002E8030 /* Build configuration list for PBXNativeTarget "myPantry" */ = {
			isa = XCConfigurationList;
			buildConfigurations = (
				6E32793E2BAF34AD002E8030 /* Debug */,
				6E32793F2BAF34AD002E8030 /* Release */,
			);
			defaultConfigurationIsVisible = 0;
			defaultConfigurationName = Release;
		};
		6E3279402BAF34AD002E8030 /* Build configuration list for PBXNativeTarget "myPantryTests" */ = {
			isa = XCConfigurationList;
			buildConfigurations = (
				6E3279412BAF34AD002E8030 /* Debug */,
				6E3279422BAF34AD002E8030 /* Release */,
			);
			defaultConfigurationIsVisible = 0;
			defaultConfigurationName = Release;
		};
		6E3279432BAF34AD002E8030 /* Build configuration list for PBXNativeTarget "myPantryUITests" */ = {
			isa = XCConfigurationList;
			buildConfigurations = (
				6E3279442BAF34AD002E8030 /* Debug */,
				6E3279452BAF34AD002E8030 /* Release */,
			);
			defaultConfigurationIsVisible = 0;
			defaultConfigurationName = Release;
		};
/* End XCConfigurationList section */

/* Begin XCRemoteSwiftPackageReference section */
		6E61416C2BAF4EA9006A1DC3 /* XCRemoteSwiftPackageReference "firebase-ios-sdk" */ = {
			isa = XCRemoteSwiftPackageReference;
			repositoryURL = "https://github.com/firebase/firebase-ios-sdk";
			requirement = {
				kind = upToNextMajorVersion;
				minimumVersion = 10.23.0;
			};
		};
/* End XCRemoteSwiftPackageReference section */

/* Begin XCSwiftPackageProductDependency section */
		6E61416D2BAF4EA9006A1DC3 /* FirebaseAnalytics */ = {
			isa = XCSwiftPackageProductDependency;
			package = 6E61416C2BAF4EA9006A1DC3 /* XCRemoteSwiftPackageReference "firebase-ios-sdk" */;
			productName = FirebaseAnalytics;
		};
/* End XCSwiftPackageProductDependency section */
	};
	rootObject = 6E3279112BAF34AB002E8030 /* Project object */;
}
